// !$*UTF8*$!
{
	archiveVersion = 1;
	classes = {
	};
	objectVersion = 48;
	objects = {

/* Begin PBXBuildFile section */
		07521B71204D3BE9004DF5F0 /* AppDelegate.swift in Sources */ = {isa = PBXBuildFile; fileRef = 07521B70204D3BE9004DF5F0 /* AppDelegate.swift */; };
		07521B73204D3BE9004DF5F0 /* ViewController.swift in Sources */ = {isa = PBXBuildFile; fileRef = 07521B72204D3BE9004DF5F0 /* ViewController.swift */; };
		07521B76204D3BE9004DF5F0 /* Main.storyboard in Resources */ = {isa = PBXBuildFile; fileRef = 07521B74204D3BE9004DF5F0 /* Main.storyboard */; };
		07521B78204D3BE9004DF5F0 /* Assets.xcassets in Resources */ = {isa = PBXBuildFile; fileRef = 07521B77204D3BE9004DF5F0 /* Assets.xcassets */; };
		07521B7B204D3BE9004DF5F0 /* LaunchScreen.storyboard in Resources */ = {isa = PBXBuildFile; fileRef = 07521B79204D3BE9004DF5F0 /* LaunchScreen.storyboard */; };
		07521B86204D3BE9004DF5F0 /* StarWarsTests.swift in Sources */ = {isa = PBXBuildFile; fileRef = 07521B85204D3BE9004DF5F0 /* StarWarsTests.swift */; };
		07521B91204D3BE9004DF5F0 /* StarWarsUITests.swift in Sources */ = {isa = PBXBuildFile; fileRef = 07521B90204D3BE9004DF5F0 /* StarWarsUITests.swift */; };
/* End PBXBuildFile section */

/* Begin PBXContainerItemProxy section */
		07521B82204D3BE9004DF5F0 /* PBXContainerItemProxy */ = {
			isa = PBXContainerItemProxy;
			containerPortal = 07521B65204D3BE8004DF5F0 /* Project object */;
			proxyType = 1;
			remoteGlobalIDString = 07521B6C204D3BE8004DF5F0;
			remoteInfo = StarWars;
		};
		07521B8D204D3BE9004DF5F0 /* PBXContainerItemProxy */ = {
			isa = PBXContainerItemProxy;
			containerPortal = 07521B65204D3BE8004DF5F0 /* Project object */;
			proxyType = 1;
			remoteGlobalIDString = 07521B6C204D3BE8004DF5F0;
			remoteInfo = StarWars;
		};
/* End PBXContainerItemProxy section */

/* Begin PBXFileReference section */
		07521B6D204D3BE8004DF5F0 /* StarWars.app */ = {isa = PBXFileReference; explicitFileType = wrapper.application; includeInIndex = 0; path = StarWars.app; sourceTree = BUILT_PRODUCTS_DIR; };
		07521B70204D3BE9004DF5F0 /* AppDelegate.swift */ = {isa = PBXFileReference; lastKnownFileType = sourcecode.swift; path = AppDelegate.swift; sourceTree = "<group>"; };
		07521B72204D3BE9004DF5F0 /* ViewController.swift */ = {isa = PBXFileReference; lastKnownFileType = sourcecode.swift; path = ViewController.swift; sourceTree = "<group>"; };
		07521B75204D3BE9004DF5F0 /* Base */ = {isa = PBXFileReference; lastKnownFileType = file.storyboard; name = Base; path = Base.lproj/Main.storyboard; sourceTree = "<group>"; };
		07521B77204D3BE9004DF5F0 /* Assets.xcassets */ = {isa = PBXFileReference; lastKnownFileType = folder.assetcatalog; path = Assets.xcassets; sourceTree = "<group>"; };
		07521B7A204D3BE9004DF5F0 /* Base */ = {isa = PBXFileReference; lastKnownFileType = file.storyboard; name = Base; path = Base.lproj/LaunchScreen.storyboard; sourceTree = "<group>"; };
		07521B7C204D3BE9004DF5F0 /* Info.plist */ = {isa = PBXFileReference; lastKnownFileType = text.plist.xml; path = Info.plist; sourceTree = "<group>"; };
		07521B81204D3BE9004DF5F0 /* StarWarsTests.xctest */ = {isa = PBXFileReference; explicitFileType = wrapper.cfbundle; includeInIndex = 0; path = StarWarsTests.xctest; sourceTree = BUILT_PRODUCTS_DIR; };
		07521B85204D3BE9004DF5F0 /* StarWarsTests.swift */ = {isa = PBXFileReference; lastKnownFileType = sourcecode.swift; path = StarWarsTests.swift; sourceTree = "<group>"; };
		07521B87204D3BE9004DF5F0 /* Info.plist */ = {isa = PBXFileReference; lastKnownFileType = text.plist.xml; path = Info.plist; sourceTree = "<group>"; };
		07521B8C204D3BE9004DF5F0 /* StarWarsUITests.xctest */ = {isa = PBXFileReference; explicitFileType = wrapper.cfbundle; includeInIndex = 0; path = StarWarsUITests.xctest; sourceTree = BUILT_PRODUCTS_DIR; };
		07521B90204D3BE9004DF5F0 /* StarWarsUITests.swift */ = {isa = PBXFileReference; lastKnownFileType = sourcecode.swift; path = StarWarsUITests.swift; sourceTree = "<group>"; };
		07521B92204D3BE9004DF5F0 /* Info.plist */ = {isa = PBXFileReference; lastKnownFileType = text.plist.xml; path = Info.plist; sourceTree = "<group>"; };
/* End PBXFileReference section */

/* Begin PBXFrameworksBuildPhase section */
		07521B6A204D3BE8004DF5F0 /* Frameworks */ = {
			isa = PBXFrameworksBuildPhase;
			buildActionMask = 2147483647;
			files = (
			);
			runOnlyForDeploymentPostprocessing = 0;
		};
		07521B7E204D3BE9004DF5F0 /* Frameworks */ = {
			isa = PBXFrameworksBuildPhase;
			buildActionMask = 2147483647;
			files = (
			);
			runOnlyForDeploymentPostprocessing = 0;
		};
		07521B89204D3BE9004DF5F0 /* Frameworks */ = {
			isa = PBXFrameworksBuildPhase;
			buildActionMask = 2147483647;
			files = (
			);
			runOnlyForDeploymentPostprocessing = 0;
		};
/* End PBXFrameworksBuildPhase section */

/* Begin PBXGroup section */
		07521B64204D3BE8004DF5F0 = {
			isa = PBXGroup;
			children = (
				07521B6F204D3BE8004DF5F0 /* StarWars */,
				07521B84204D3BE9004DF5F0 /* StarWarsTests */,
				07521B8F204D3BE9004DF5F0 /* StarWarsUITests */,
				07521B6E204D3BE8004DF5F0 /* Products */,
			);
			sourceTree = "<group>";
		};
		07521B6E204D3BE8004DF5F0 /* Products */ = {
			isa = PBXGroup;
			children = (
				07521B6D204D3BE8004DF5F0 /* StarWars.app */,
				07521B81204D3BE9004DF5F0 /* StarWarsTests.xctest */,
				07521B8C204D3BE9004DF5F0 /* StarWarsUITests.xctest */,
			);
			name = Products;
			sourceTree = "<group>";
		};
		07521B6F204D3BE8004DF5F0 /* StarWars */ = {
			isa = PBXGroup;
			children = (
				07521B70204D3BE9004DF5F0 /* AppDelegate.swift */,
				07521B72204D3BE9004DF5F0 /* ViewController.swift */,
				07521B74204D3BE9004DF5F0 /* Main.storyboard */,
				07521B77204D3BE9004DF5F0 /* Assets.xcassets */,
				07521B79204D3BE9004DF5F0 /* LaunchScreen.storyboard */,
				07521B7C204D3BE9004DF5F0 /* Info.plist */,
			);
			path = StarWars;
			sourceTree = "<group>";
		};
		07521B84204D3BE9004DF5F0 /* StarWarsTests */ = {
			isa = PBXGroup;
			children = (
				07521B85204D3BE9004DF5F0 /* StarWarsTests.swift */,
				07521B87204D3BE9004DF5F0 /* Info.plist */,
			);
			path = StarWarsTests;
			sourceTree = "<group>";
		};
		07521B8F204D3BE9004DF5F0 /* StarWarsUITests */ = {
			isa = PBXGroup;
			children = (
				07521B90204D3BE9004DF5F0 /* StarWarsUITests.swift */,
				07521B92204D3BE9004DF5F0 /* Info.plist */,
			);
			path = StarWarsUITests;
			sourceTree = "<group>";
		};
/* End PBXGroup section */

/* Begin PBXNativeTarget section */
		07521B6C204D3BE8004DF5F0 /* StarWars */ = {
			isa = PBXNativeTarget;
			buildConfigurationList = 07521B95204D3BE9004DF5F0 /* Build configuration list for PBXNativeTarget "StarWars" */;
			buildPhases = (
				07521B69204D3BE8004DF5F0 /* Sources */,
				07521B6A204D3BE8004DF5F0 /* Frameworks */,
				07521B6B204D3BE8004DF5F0 /* Resources */,
			);
			buildRules = (
			);
			dependencies = (
			);
			name = StarWars;
			productName = StarWars;
			productReference = 07521B6D204D3BE8004DF5F0 /* StarWars.app */;
			productType = "com.apple.product-type.application";
		};
		07521B80204D3BE9004DF5F0 /* StarWarsTests */ = {
			isa = PBXNativeTarget;
			buildConfigurationList = 07521B98204D3BE9004DF5F0 /* Build configuration list for PBXNativeTarget "StarWarsTests" */;
			buildPhases = (
				07521B7D204D3BE9004DF5F0 /* Sources */,
				07521B7E204D3BE9004DF5F0 /* Frameworks */,
				07521B7F204D3BE9004DF5F0 /* Resources */,
			);
			buildRules = (
			);
			dependencies = (
				07521B83204D3BE9004DF5F0 /* PBXTargetDependency */,
			);
			name = StarWarsTests;
			productName = StarWarsTests;
			productReference = 07521B81204D3BE9004DF5F0 /* StarWarsTests.xctest */;
			productType = "com.apple.product-type.bundle.unit-test";
		};
		07521B8B204D3BE9004DF5F0 /* StarWarsUITests */ = {
			isa = PBXNativeTarget;
			buildConfigurationList = 07521B9B204D3BE9004DF5F0 /* Build configuration list for PBXNativeTarget "StarWarsUITests" */;
			buildPhases = (
				07521B88204D3BE9004DF5F0 /* Sources */,
				07521B89204D3BE9004DF5F0 /* Frameworks */,
				07521B8A204D3BE9004DF5F0 /* Resources */,
			);
			buildRules = (
			);
			dependencies = (
				07521B8E204D3BE9004DF5F0 /* PBXTargetDependency */,
			);
			name = StarWarsUITests;
			productName = StarWarsUITests;
			productReference = 07521B8C204D3BE9004DF5F0 /* StarWarsUITests.xctest */;
			productType = "com.apple.product-type.bundle.ui-testing";
		};
/* End PBXNativeTarget section */

/* Begin PBXProject section */
		07521B65204D3BE8004DF5F0 /* Project object */ = {
			isa = PBXProject;
			attributes = {
				LastSwiftUpdateCheck = 0920;
				LastUpgradeCheck = 0920;
				ORGANIZATIONNAME = HarpreetSingh;
				TargetAttributes = {
					07521B6C204D3BE8004DF5F0 = {
						CreatedOnToolsVersion = 9.2;
						ProvisioningStyle = Automatic;
					};
					07521B80204D3BE9004DF5F0 = {
						CreatedOnToolsVersion = 9.2;
						ProvisioningStyle = Automatic;
						TestTargetID = 07521B6C204D3BE8004DF5F0;
					};
					07521B8B204D3BE9004DF5F0 = {
						CreatedOnToolsVersion = 9.2;
						ProvisioningStyle = Automatic;
						TestTargetID = 07521B6C204D3BE8004DF5F0;
					};
				};
			};
			buildConfigurationList = 07521B68204D3BE8004DF5F0 /* Build configuration list for PBXProject "StarWars" */;
			compatibilityVersion = "Xcode 8.0";
			developmentRegion = en;
			hasScannedForEncodings = 0;
			knownRegions = (
				en,
				Base,
			);
			mainGroup = 07521B64204D3BE8004DF5F0;
			productRefGroup = 07521B6E204D3BE8004DF5F0 /* Products */;
			projectDirPath = "";
			projectRoot = "";
			targets = (
				07521B6C204D3BE8004DF5F0 /* StarWars */,
				07521B80204D3BE9004DF5F0 /* StarWarsTests */,
				07521B8B204D3BE9004DF5F0 /* StarWarsUITests */,
			);
		};
/* End PBXProject section */

/* Begin PBXResourcesBuildPhase section */
		07521B6B204D3BE8004DF5F0 /* Resources */ = {
			isa = PBXResourcesBuildPhase;
			buildActionMask = 2147483647;
			files = (
				07521B7B204D3BE9004DF5F0 /* LaunchScreen.storyboard in Resources */,
				07521B78204D3BE9004DF5F0 /* Assets.xcassets in Resources */,
				07521B76204D3BE9004DF5F0 /* Main.storyboard in Resources */,
			);
			runOnlyForDeploymentPostprocessing = 0;
		};
		07521B7F204D3BE9004DF5F0 /* Resources */ = {
			isa = PBXResourcesBuildPhase;
			buildActionMask = 2147483647;
			files = (
			);
			runOnlyForDeploymentPostprocessing = 0;
		};
		07521B8A204D3BE9004DF5F0 /* Resources */ = {
			isa = PBXResourcesBuildPhase;
			buildActionMask = 2147483647;
			files = (
			);
			runOnlyForDeploymentPostprocessing = 0;
		};
/* End PBXResourcesBuildPhase section */

/* Begin PBXSourcesBuildPhase section */
		07521B69204D3BE8004DF5F0 /* Sources */ = {
			isa = PBXSourcesBuildPhase;
			buildActionMask = 2147483647;
			files = (
				07521B73204D3BE9004DF5F0 /* ViewController.swift in Sources */,
				07521B71204D3BE9004DF5F0 /* AppDelegate.swift in Sources */,
			);
			runOnlyForDeploymentPostprocessing = 0;
		};
		07521B7D204D3BE9004DF5F0 /* Sources */ = {
			isa = PBXSourcesBuildPhase;
			buildActionMask = 2147483647;
			files = (
				07521B86204D3BE9004DF5F0 /* StarWarsTests.swift in Sources */,
			);
			runOnlyForDeploymentPostprocessing = 0;
		};
		07521B88204D3BE9004DF5F0 /* Sources */ = {
			isa = PBXSourcesBuildPhase;
			buildActionMask = 2147483647;
			files = (
				07521B91204D3BE9004DF5F0 /* StarWarsUITests.swift in Sources */,
			);
			runOnlyForDeploymentPostprocessing = 0;
		};
/* End PBXSourcesBuildPhase section */

/* Begin PBXTargetDependency section */
		07521B83204D3BE9004DF5F0 /* PBXTargetDependency */ = {
			isa = PBXTargetDependency;
			target = 07521B6C204D3BE8004DF5F0 /* StarWars */;
			targetProxy = 07521B82204D3BE9004DF5F0 /* PBXContainerItemProxy */;
		};
		07521B8E204D3BE9004DF5F0 /* PBXTargetDependency */ = {
			isa = PBXTargetDependency;
			target = 07521B6C204D3BE8004DF5F0 /* StarWars */;
			targetProxy = 07521B8D204D3BE9004DF5F0 /* PBXContainerItemProxy */;
		};
/* End PBXTargetDependency section */

/* Begin PBXVariantGroup section */
		07521B74204D3BE9004DF5F0 /* Main.storyboard */ = {
			isa = PBXVariantGroup;
			children = (
				07521B75204D3BE9004DF5F0 /* Base */,
			);
			name = Main.storyboard;
			sourceTree = "<group>";
		};
		07521B79204D3BE9004DF5F0 /* LaunchScreen.storyboard */ = {
			isa = PBXVariantGroup;
			children = (
				07521B7A204D3BE9004DF5F0 /* Base */,
			);
			name = LaunchScreen.storyboard;
			sourceTree = "<group>";
		};
/* End PBXVariantGroup section */

/* Begin XCBuildConfiguration section */
		07521B93204D3BE9004DF5F0 /* Debug */ = {
			isa = XCBuildConfiguration;
			buildSettings = {
				ALWAYS_SEARCH_USER_PATHS = NO;
				CLANG_ANALYZER_NONNULL = YES;
				CLANG_ANALYZER_NUMBER_OBJECT_CONVERSION = YES_AGGRESSIVE;
				CLANG_CXX_LANGUAGE_STANDARD = "gnu++14";
				CLANG_CXX_LIBRARY = "libc++";
				CLANG_ENABLE_MODULES = YES;
				CLANG_ENABLE_OBJC_ARC = YES;
				CLANG_WARN_BLOCK_CAPTURE_AUTORELEASING = YES;
				CLANG_WARN_BOOL_CONVERSION = YES;
				CLANG_WARN_COMMA = YES;
				CLANG_WARN_CONSTANT_CONVERSION = YES;
				CLANG_WARN_DIRECT_OBJC_ISA_USAGE = YES_ERROR;
				CLANG_WARN_DOCUMENTATION_COMMENTS = YES;
				CLANG_WARN_EMPTY_BODY = YES;
				CLANG_WARN_ENUM_CONVERSION = YES;
				CLANG_WARN_INFINITE_RECURSION = YES;
				CLANG_WARN_INT_CONVERSION = YES;
				CLANG_WARN_NON_LITERAL_NULL_CONVERSION = YES;
				CLANG_WARN_OBJC_LITERAL_CONVERSION = YES;
				CLANG_WARN_OBJC_ROOT_CLASS = YES_ERROR;
				CLANG_WARN_RANGE_LOOP_ANALYSIS = YES;
				CLANG_WARN_STRICT_PROTOTYPES = YES;
				CLANG_WARN_SUSPICIOUS_MOVE = YES;
				CLANG_WARN_UNGUARDED_AVAILABILITY = YES_AGGRESSIVE;
				CLANG_WARN_UNREACHABLE_CODE = YES;
				CLANG_WARN__DUPLICATE_METHOD_MATCH = YES;
				CODE_SIGN_IDENTITY = "iPhone Developer";
				COPY_PHASE_STRIP = NO;
				DEBUG_INFORMATION_FORMAT = dwarf;
				ENABLE_STRICT_OBJC_MSGSEND = YES;
				ENABLE_TESTABILITY = YES;
				GCC_C_LANGUAGE_STANDARD = gnu11;
				GCC_DYNAMIC_NO_PIC = NO;
				GCC_NO_COMMON_BLOCKS = YES;
				GCC_OPTIMIZATION_LEVEL = 0;
				GCC_PREPROCESSOR_DEFINITIONS = (
					"DEBUG=1",
					"$(inherited)",
				);
				GCC_WARN_64_TO_32_BIT_CONVERSION = YES;
				GCC_WARN_ABOUT_RETURN_TYPE = YES_ERROR;
				GCC_WARN_UNDECLARED_SELECTOR = YES;
				GCC_WARN_UNINITIALIZED_AUTOS = YES_AGGRESSIVE;
				GCC_WARN_UNUSED_FUNCTION = YES;
				GCC_WARN_UNUSED_VARIABLE = YES;
				IPHONEOS_DEPLOYMENT_TARGET = 11.2;
				MTL_ENABLE_DEBUG_INFO = YES;
				ONLY_ACTIVE_ARCH = YES;
				SDKROOT = iphoneos;
				SWIFT_ACTIVE_COMPILATION_CONDITIONS = DEBUG;
				SWIFT_OPTIMIZATION_LEVEL = "-Onone";
			};
			name = Debug;
		};
		07521B94204D3BE9004DF5F0 /* Release */ = {
			isa = XCBuildConfiguration;
			buildSettings = {
				ALWAYS_SEARCH_USER_PATHS = NO;
				CLANG_ANALYZER_NONNULL = YES;
				CLANG_ANALYZER_NUMBER_OBJECT_CONVERSION = YES_AGGRESSIVE;
				CLANG_CXX_LANGUAGE_STANDARD = "gnu++14";
				CLANG_CXX_LIBRARY = "libc++";
				CLANG_ENABLE_MODULES = YES;
				CLANG_ENABLE_OBJC_ARC = YES;
				CLANG_WARN_BLOCK_CAPTURE_AUTORELEASING = YES;
				CLANG_WARN_BOOL_CONVERSION = YES;
				CLANG_WARN_COMMA = YES;
				CLANG_WARN_CONSTANT_CONVERSION = YES;
				CLANG_WARN_DIRECT_OBJC_ISA_USAGE = YES_ERROR;
				CLANG_WARN_DOCUMENTATION_COMMENTS = YES;
				CLANG_WARN_EMPTY_BODY = YES;
				CLANG_WARN_ENUM_CONVERSION = YES;
				CLANG_WARN_INFINITE_RECURSION = YES;
				CLANG_WARN_INT_CONVERSION = YES;
				CLANG_WARN_NON_LITERAL_NULL_CONVERSION = YES;
				CLANG_WARN_OBJC_LITERAL_CONVERSION = YES;
				CLANG_WARN_OBJC_ROOT_CLASS = YES_ERROR;
				CLANG_WARN_RANGE_LOOP_ANALYSIS = YES;
				CLANG_WARN_STRICT_PROTOTYPES = YES;
				CLANG_WARN_SUSPICIOUS_MOVE = YES;
				CLANG_WARN_UNGUARDED_AVAILABILITY = YES_AGGRESSIVE;
				CLANG_WARN_UNREACHABLE_CODE = YES;
				CLANG_WARN__DUPLICATE_METHOD_MATCH = YES;
				CODE_SIGN_IDENTITY = "iPhone Developer";
				COPY_PHASE_STRIP = NO;
				DEBUG_INFORMATION_FORMAT = "dwarf-with-dsym";
				ENABLE_NS_ASSERTIONS = NO;
				ENABLE_STRICT_OBJC_MSGSEND = YES;
				GCC_C_LANGUAGE_STANDARD = gnu11;
				GCC_NO_COMMON_BLOCKS = YES;
				GCC_WARN_64_TO_32_BIT_CONVERSION = YES;
				GCC_WARN_ABOUT_RETURN_TYPE = YES_ERROR;
				GCC_WARN_UNDECLARED_SELECTOR = YES;
				GCC_WARN_UNINITIALIZED_AUTOS = YES_AGGRESSIVE;
				GCC_WARN_UNUSED_FUNCTION = YES;
				GCC_WARN_UNUSED_VARIABLE = YES;
				IPHONEOS_DEPLOYMENT_TARGET = 11.2;
				MTL_ENABLE_DEBUG_INFO = NO;
				SDKROOT = iphoneos;
				SWIFT_OPTIMIZATION_LEVEL = "-Owholemodule";
				VALIDATE_PRODUCT = YES;
			};
			name = Release;
		};
		07521B96204D3BE9004DF5F0 /* Debug */ = {
			isa = XCBuildConfiguration;
			buildSettings = {
				ASSETCATALOG_COMPILER_APPICON_NAME = AppIcon;
				CODE_SIGN_STYLE = Automatic;
				INFOPLIST_FILE = StarWars/Info.plist;
				LD_RUNPATH_SEARCH_PATHS = "$(inherited) @executable_path/Frameworks";
				PRODUCT_BUNDLE_IDENTIFIER = com.harpreet.StarWars;
				PRODUCT_NAME = "$(TARGET_NAME)";
				SWIFT_VERSION = 4.0;
				TARGETED_DEVICE_FAMILY = "1,2";
			};
			name = Debug;
		};
		07521B97204D3BE9004DF5F0 /* Release */ = {
			isa = XCBuildConfiguration;
			buildSettings = {
				ASSETCATALOG_COMPILER_APPICON_NAME = AppIcon;
				CODE_SIGN_STYLE = Automatic;
				INFOPLIST_FILE = StarWars/Info.plist;
				LD_RUNPATH_SEARCH_PATHS = "$(inherited) @executable_path/Frameworks";
				PRODUCT_BUNDLE_IDENTIFIER = com.harpreet.StarWars;
				PRODUCT_NAME = "$(TARGET_NAME)";
				SWIFT_VERSION = 4.0;
				TARGETED_DEVICE_FAMILY = "1,2";
			};
			name = Release;
		};
		07521B99204D3BE9004DF5F0 /* Debug */ = {
			isa = XCBuildConfiguration;
			buildSettings = {
				ALWAYS_EMBED_SWIFT_STANDARD_LIBRARIES = YES;
				BUNDLE_LOADER = "$(TEST_HOST)";
				CODE_SIGN_STYLE = Automatic;
				INFOPLIST_FILE = StarWarsTests/Info.plist;
				LD_RUNPATH_SEARCH_PATHS = "$(inherited) @executable_path/Frameworks @loader_path/Frameworks";
				PRODUCT_BUNDLE_IDENTIFIER = com.harpreet.StarWarsTests;
				PRODUCT_NAME = "$(TARGET_NAME)";
				SWIFT_VERSION = 4.0;
				TARGETED_DEVICE_FAMILY = "1,2";
				TEST_HOST = "$(BUILT_PRODUCTS_DIR)/StarWars.app/StarWars";
			};
			name = Debug;
		};
		07521B9A204D3BE9004DF5F0 /* Release */ = {
			isa = XCBuildConfiguration;
			buildSettings = {
				ALWAYS_EMBED_SWIFT_STANDARD_LIBRARIES = YES;
				BUNDLE_LOADER = "$(TEST_HOST)";
				CODE_SIGN_STYLE = Automatic;
				INFOPLIST_FILE = StarWarsTests/Info.plist;
				LD_RUNPATH_SEARCH_PATHS = "$(inherited) @executable_path/Frameworks @loader_path/Frameworks";
				PRODUCT_BUNDLE_IDENTIFIER = com.harpreet.StarWarsTests;
				PRODUCT_NAME = "$(TARGET_NAME)";
				SWIFT_VERSION = 4.0;
				TARGETED_DEVICE_FAMILY = "1,2";
				TEST_HOST = "$(BUILT_PRODUCTS_DIR)/StarWars.app/StarWars";
			};
			name = Release;
		};
		07521B9C204D3BE9004DF5F0 /* Debug */ = {
			isa = XCBuildConfiguration;
			buildSettings = {
				ALWAYS_EMBED_SWIFT_STANDARD_LIBRARIES = YES;
				CODE_SIGN_STYLE = Automatic;
				INFOPLIST_FILE = StarWarsUITests/Info.plist;
				LD_RUNPATH_SEARCH_PATHS = "$(inherited) @executable_path/Frameworks @loader_path/Frameworks";
				PRODUCT_BUNDLE_IDENTIFIER = com.harpreet.StarWarsUITests;
				PRODUCT_NAME = "$(TARGET_NAME)";
				SWIFT_VERSION = 4.0;
				TARGETED_DEVICE_FAMILY = "1,2";
				TEST_TARGET_NAME = StarWars;
			};
			name = Debug;
		};
		07521B9D204D3BE9004DF5F0 /* Release */ = {
			isa = XCBuildConfiguration;
			buildSettings = {
				ALWAYS_EMBED_SWIFT_STANDARD_LIBRARIES = YES;
				CODE_SIGN_STYLE = Automatic;
				INFOPLIST_FILE = StarWarsUITests/Info.plist;
				LD_RUNPATH_SEARCH_PATHS = "$(inherited) @executable_path/Frameworks @loader_path/Frameworks";
				PRODUCT_BUNDLE_IDENTIFIER = com.harpreet.StarWarsUITests;
				PRODUCT_NAME = "$(TARGET_NAME)";
				SWIFT_VERSION = 4.0;
				TARGETED_DEVICE_FAMILY = "1,2";
				TEST_TARGET_NAME = StarWars;
			};
			name = Release;
		};
/* End XCBuildConfiguration section */

/* Begin XCConfigurationList section */
		07521B68204D3BE8004DF5F0 /* Build configuration list for PBXProject "StarWars" */ = {
			isa = XCConfigurationList;
			buildConfigurations = (
				07521B93204D3BE9004DF5F0 /* Debug */,
				07521B94204D3BE9004DF5F0 /* Release */,
			);
			defaultConfigurationIsVisible = 0;
			defaultConfigurationName = Release;
		};
		07521B95204D3BE9004DF5F0 /* Build configuration list for PBXNativeTarget "StarWars" */ = {
			isa = XCConfigurationList;
			buildConfigurations = (
				07521B96204D3BE9004DF5F0 /* Debug */,
				07521B97204D3BE9004DF5F0 /* Release */,
			);
			defaultConfigurationIsVisible = 0;
			defaultConfigurationName = Release;
		};
		07521B98204D3BE9004DF5F0 /* Build configuration list for PBXNativeTarget "StarWarsTests" */ = {
			isa = XCConfigurationList;
			buildConfigurations = (
				07521B99204D3BE9004DF5F0 /* Debug */,
				07521B9A204D3BE9004DF5F0 /* Release */,
			);
			defaultConfigurationIsVisible = 0;
			defaultConfigurationName = Release;
		};
		07521B9B204D3BE9004DF5F0 /* Build configuration list for PBXNativeTarget "StarWarsUITests" */ = {
			isa = XCConfigurationList;
			buildConfigurations = (
				07521B9C204D3BE9004DF5F0 /* Debug */,
				07521B9D204D3BE9004DF5F0 /* Release */,
			);
			defaultConfigurationIsVisible = 0;
			defaultConfigurationName = Release;
		};
/* End XCConfigurationList section */
	};
	rootObject = 07521B65204D3BE8004DF5F0 /* Project object */;
}
